// !$*UTF8*$!
{
	archiveVersion = 1;
	classes = {
	};
	objectVersion = 52;
	objects = {

/* Begin PBXBuildFile section */
		D36CD8E024F9D683007F9365 /* AppDelegate.swift in Sources */ = {isa = PBXBuildFile; fileRef = D36CD8DF24F9D683007F9365 /* AppDelegate.swift */; };
		D36CD8E224F9D683007F9365 /* SceneDelegate.swift in Sources */ = {isa = PBXBuildFile; fileRef = D36CD8E124F9D683007F9365 /* SceneDelegate.swift */; };
		D36CD8E724F9D683007F9365 /* Main.storyboard in Resources */ = {isa = PBXBuildFile; fileRef = D36CD8E524F9D683007F9365 /* Main.storyboard */; };
		D36CD8E924F9D685007F9365 /* Assets.xcassets in Resources */ = {isa = PBXBuildFile; fileRef = D36CD8E824F9D685007F9365 /* Assets.xcassets */; };
		D36CD8EC24F9D685007F9365 /* LaunchScreen.storyboard in Resources */ = {isa = PBXBuildFile; fileRef = D36CD8EA24F9D685007F9365 /* LaunchScreen.storyboard */; };
		D36CD8F724F9D685007F9365 /* MindbodyTests.swift in Sources */ = {isa = PBXBuildFile; fileRef = D36CD8F624F9D685007F9365 /* MindbodyTests.swift */; };
		D36CD90224F9D685007F9365 /* MindbodyUITests.swift in Sources */ = {isa = PBXBuildFile; fileRef = D36CD90124F9D685007F9365 /* MindbodyUITests.swift */; };
		D36CD91F24F9FA25007F9365 /* Alamofire in Frameworks */ = {isa = PBXBuildFile; productRef = D36CD91E24F9FA25007F9365 /* Alamofire */; };
		D36CD92224F9FA30007F9365 /* Handy in Frameworks */ = {isa = PBXBuildFile; productRef = D36CD92124F9FA30007F9365 /* Handy */; };
		D36CD92524F9FA4E007F9365 /* ObjectMapper in Frameworks */ = {isa = PBXBuildFile; productRef = D36CD92424F9FA4E007F9365 /* ObjectMapper */; };
		D36CD92824F9FA82007F9365 /* RxSwift in Frameworks */ = {isa = PBXBuildFile; productRef = D36CD92724F9FA82007F9365 /* RxSwift */; };
		D36CD92A24F9FA82007F9365 /* RxCocoa in Frameworks */ = {isa = PBXBuildFile; productRef = D36CD92924F9FA82007F9365 /* RxCocoa */; };
		D36CD92C24F9FF31007F9365 /* BaseViewController.swift in Sources */ = {isa = PBXBuildFile; fileRef = D36CD92B24F9FF31007F9365 /* BaseViewController.swift */; };
		D36CD92E24F9FF4D007F9365 /* BaseViewModel.swift in Sources */ = {isa = PBXBuildFile; fileRef = D36CD92D24F9FF4D007F9365 /* BaseViewModel.swift */; };
		D36CD93124FAC398007F9365 /* Request.swift in Sources */ = {isa = PBXBuildFile; fileRef = D36CD93024FAC398007F9365 /* Request.swift */; };
		D36CD93324FAC39E007F9365 /* RequestError.swift in Sources */ = {isa = PBXBuildFile; fileRef = D36CD93224FAC39E007F9365 /* RequestError.swift */; };
		D36CD93524FAC3A5007F9365 /* RequestHelper.swift in Sources */ = {isa = PBXBuildFile; fileRef = D36CD93424FAC3A5007F9365 /* RequestHelper.swift */; };
		D36CD93724FAC3AE007F9365 /* RequestType.swift in Sources */ = {isa = PBXBuildFile; fileRef = D36CD93624FAC3AE007F9365 /* RequestType.swift */; };
		D36CD93A24FAC54D007F9365 /* CountriesViewController.swift in Sources */ = {isa = PBXBuildFile; fileRef = D36CD93924FAC54D007F9365 /* CountriesViewController.swift */; };
		D36CD93C24FAC557007F9365 /* CountriesViewModel.swift in Sources */ = {isa = PBXBuildFile; fileRef = D36CD93B24FAC557007F9365 /* CountriesViewModel.swift */; };
		D36CD93E24FACA9B007F9365 /* Constants.swift in Sources */ = {isa = PBXBuildFile; fileRef = D36CD93D24FACA9B007F9365 /* Constants.swift */; };
		D36CD94224FAE57A007F9365 /* Country.swift in Sources */ = {isa = PBXBuildFile; fileRef = D36CD94124FAE57A007F9365 /* Country.swift */; };
/* End PBXBuildFile section */

/* Begin PBXContainerItemProxy section */
		D36CD8F324F9D685007F9365 /* PBXContainerItemProxy */ = {
			isa = PBXContainerItemProxy;
			containerPortal = D36CD8D424F9D683007F9365 /* Project object */;
			proxyType = 1;
			remoteGlobalIDString = D36CD8DB24F9D683007F9365;
			remoteInfo = Mindbody;
		};
		D36CD8FE24F9D685007F9365 /* PBXContainerItemProxy */ = {
			isa = PBXContainerItemProxy;
			containerPortal = D36CD8D424F9D683007F9365 /* Project object */;
			proxyType = 1;
			remoteGlobalIDString = D36CD8DB24F9D683007F9365;
			remoteInfo = Mindbody;
		};
/* End PBXContainerItemProxy section */

/* Begin PBXFileReference section */
		D36CD8DC24F9D683007F9365 /* Mindbody.app */ = {isa = PBXFileReference; explicitFileType = wrapper.application; includeInIndex = 0; path = Mindbody.app; sourceTree = BUILT_PRODUCTS_DIR; };
		D36CD8DF24F9D683007F9365 /* AppDelegate.swift */ = {isa = PBXFileReference; lastKnownFileType = sourcecode.swift; path = AppDelegate.swift; sourceTree = "<group>"; };
		D36CD8E124F9D683007F9365 /* SceneDelegate.swift */ = {isa = PBXFileReference; lastKnownFileType = sourcecode.swift; path = SceneDelegate.swift; sourceTree = "<group>"; };
		D36CD8E624F9D683007F9365 /* Base */ = {isa = PBXFileReference; lastKnownFileType = file.storyboard; name = Base; path = Base.lproj/Main.storyboard; sourceTree = "<group>"; };
		D36CD8E824F9D685007F9365 /* Assets.xcassets */ = {isa = PBXFileReference; lastKnownFileType = folder.assetcatalog; path = Assets.xcassets; sourceTree = "<group>"; };
		D36CD8EB24F9D685007F9365 /* Base */ = {isa = PBXFileReference; lastKnownFileType = file.storyboard; name = Base; path = Base.lproj/LaunchScreen.storyboard; sourceTree = "<group>"; };
		D36CD8ED24F9D685007F9365 /* Info.plist */ = {isa = PBXFileReference; lastKnownFileType = text.plist.xml; path = Info.plist; sourceTree = "<group>"; };
		D36CD8F224F9D685007F9365 /* MindbodyTests.xctest */ = {isa = PBXFileReference; explicitFileType = wrapper.cfbundle; includeInIndex = 0; path = MindbodyTests.xctest; sourceTree = BUILT_PRODUCTS_DIR; };
		D36CD8F624F9D685007F9365 /* MindbodyTests.swift */ = {isa = PBXFileReference; lastKnownFileType = sourcecode.swift; path = MindbodyTests.swift; sourceTree = "<group>"; };
		D36CD8F824F9D685007F9365 /* Info.plist */ = {isa = PBXFileReference; lastKnownFileType = text.plist.xml; path = Info.plist; sourceTree = "<group>"; };
		D36CD8FD24F9D685007F9365 /* MindbodyUITests.xctest */ = {isa = PBXFileReference; explicitFileType = wrapper.cfbundle; includeInIndex = 0; path = MindbodyUITests.xctest; sourceTree = BUILT_PRODUCTS_DIR; };
		D36CD90124F9D685007F9365 /* MindbodyUITests.swift */ = {isa = PBXFileReference; lastKnownFileType = sourcecode.swift; path = MindbodyUITests.swift; sourceTree = "<group>"; };
		D36CD90324F9D685007F9365 /* Info.plist */ = {isa = PBXFileReference; lastKnownFileType = text.plist.xml; path = Info.plist; sourceTree = "<group>"; };
		D36CD92B24F9FF31007F9365 /* BaseViewController.swift */ = {isa = PBXFileReference; lastKnownFileType = sourcecode.swift; path = BaseViewController.swift; sourceTree = "<group>"; };
		D36CD92D24F9FF4D007F9365 /* BaseViewModel.swift */ = {isa = PBXFileReference; lastKnownFileType = sourcecode.swift; path = BaseViewModel.swift; sourceTree = "<group>"; };
		D36CD93024FAC398007F9365 /* Request.swift */ = {isa = PBXFileReference; lastKnownFileType = sourcecode.swift; path = Request.swift; sourceTree = "<group>"; };
		D36CD93224FAC39E007F9365 /* RequestError.swift */ = {isa = PBXFileReference; lastKnownFileType = sourcecode.swift; path = RequestError.swift; sourceTree = "<group>"; };
		D36CD93424FAC3A5007F9365 /* RequestHelper.swift */ = {isa = PBXFileReference; lastKnownFileType = sourcecode.swift; path = RequestHelper.swift; sourceTree = "<group>"; };
		D36CD93624FAC3AE007F9365 /* RequestType.swift */ = {isa = PBXFileReference; lastKnownFileType = sourcecode.swift; path = RequestType.swift; sourceTree = "<group>"; };
		D36CD93924FAC54D007F9365 /* CountriesViewController.swift */ = {isa = PBXFileReference; lastKnownFileType = sourcecode.swift; path = CountriesViewController.swift; sourceTree = "<group>"; };
		D36CD93B24FAC557007F9365 /* CountriesViewModel.swift */ = {isa = PBXFileReference; lastKnownFileType = sourcecode.swift; path = CountriesViewModel.swift; sourceTree = "<group>"; };
		D36CD93D24FACA9B007F9365 /* Constants.swift */ = {isa = PBXFileReference; lastKnownFileType = sourcecode.swift; path = Constants.swift; sourceTree = "<group>"; };
		D36CD94124FAE57A007F9365 /* Country.swift */ = {isa = PBXFileReference; lastKnownFileType = sourcecode.swift; path = Country.swift; sourceTree = "<group>"; };
/* End PBXFileReference section */

/* Begin PBXFrameworksBuildPhase section */
		D36CD8D924F9D683007F9365 /* Frameworks */ = {
			isa = PBXFrameworksBuildPhase;
			buildActionMask = 2147483647;
			files = (
				D36CD92524F9FA4E007F9365 /* ObjectMapper in Frameworks */,
				D36CD91F24F9FA25007F9365 /* Alamofire in Frameworks */,
				D36CD92A24F9FA82007F9365 /* RxCocoa in Frameworks */,
				D36CD92824F9FA82007F9365 /* RxSwift in Frameworks */,
				D36CD92224F9FA30007F9365 /* Handy in Frameworks */,
			);
			runOnlyForDeploymentPostprocessing = 0;
		};
		D36CD8EF24F9D685007F9365 /* Frameworks */ = {
			isa = PBXFrameworksBuildPhase;
			buildActionMask = 2147483647;
			files = (
			);
			runOnlyForDeploymentPostprocessing = 0;
		};
		D36CD8FA24F9D685007F9365 /* Frameworks */ = {
			isa = PBXFrameworksBuildPhase;
			buildActionMask = 2147483647;
			files = (
			);
			runOnlyForDeploymentPostprocessing = 0;
		};
/* End PBXFrameworksBuildPhase section */

/* Begin PBXGroup section */
		D36CD8D324F9D683007F9365 = {
			isa = PBXGroup;
			children = (
				D36CD8DE24F9D683007F9365 /* Mindbody */,
				D36CD8F524F9D685007F9365 /* MindbodyTests */,
				D36CD90024F9D685007F9365 /* MindbodyUITests */,
				D36CD8DD24F9D683007F9365 /* Products */,
			);
			sourceTree = "<group>";
		};
		D36CD8DD24F9D683007F9365 /* Products */ = {
			isa = PBXGroup;
			children = (
				D36CD8DC24F9D683007F9365 /* Mindbody.app */,
				D36CD8F224F9D685007F9365 /* MindbodyTests.xctest */,
				D36CD8FD24F9D685007F9365 /* MindbodyUITests.xctest */,
			);
			name = Products;
			sourceTree = "<group>";
		};
		D36CD8DE24F9D683007F9365 /* Mindbody */ = {
			isa = PBXGroup;
			children = (
				D36CD90F24F9D75C007F9365 /* Classes */,
				D36CD91024F9D76C007F9365 /* Resources */,
			);
			path = Mindbody;
			sourceTree = "<group>";
		};
		D36CD8F524F9D685007F9365 /* MindbodyTests */ = {
			isa = PBXGroup;
			children = (
				D36CD8F624F9D685007F9365 /* MindbodyTests.swift */,
				D36CD8F824F9D685007F9365 /* Info.plist */,
			);
			path = MindbodyTests;
			sourceTree = "<group>";
		};
		D36CD90024F9D685007F9365 /* MindbodyUITests */ = {
			isa = PBXGroup;
			children = (
				D36CD90124F9D685007F9365 /* MindbodyUITests.swift */,
				D36CD90324F9D685007F9365 /* Info.plist */,
			);
			path = MindbodyUITests;
			sourceTree = "<group>";
		};
		D36CD90F24F9D75C007F9365 /* Classes */ = {
			isa = PBXGroup;
			children = (
				D36CD91724F9D7FB007F9365 /* Controllers */,
				D36CD91624F9D7F5007F9365 /* Models */,
				D36CD91424F9D7EC007F9365 /* Services */,
				D36CD91824F9D806007F9365 /* Views */,
				D36CD8DF24F9D683007F9365 /* AppDelegate.swift */,
				D36CD8E124F9D683007F9365 /* SceneDelegate.swift */,
			);
			path = Classes;
			sourceTree = "<group>";
		};
		D36CD91024F9D76C007F9365 /* Resources */ = {
			isa = PBXGroup;
			children = (
				D36CD91124F9D782007F9365 /* Assets */,
				D36CD91324F9D7AB007F9365 /* Configuration */,
				D36CD91224F9D78F007F9365 /* Storyboards */,
			);
			path = Resources;
			sourceTree = "<group>";
		};
		D36CD91124F9D782007F9365 /* Assets */ = {
			isa = PBXGroup;
			children = (
				D36CD8E824F9D685007F9365 /* Assets.xcassets */,
			);
			path = Assets;
			sourceTree = "<group>";
		};
		D36CD91224F9D78F007F9365 /* Storyboards */ = {
			isa = PBXGroup;
			children = (
				D36CD8EA24F9D685007F9365 /* LaunchScreen.storyboard */,
				D36CD8E524F9D683007F9365 /* Main.storyboard */,
			);
			path = Storyboards;
			sourceTree = "<group>";
		};
		D36CD91324F9D7AB007F9365 /* Configuration */ = {
			isa = PBXGroup;
			children = (
				D36CD8ED24F9D685007F9365 /* Info.plist */,
			);
			path = Configuration;
			sourceTree = "<group>";
		};
		D36CD91424F9D7EC007F9365 /* Services */ = {
			isa = PBXGroup;
			children = (
				D36CD92F24FAC386007F9365 /* Networking */,
			);
			path = Services;
			sourceTree = "<group>";
		};
		D36CD91624F9D7F5007F9365 /* Models */ = {
			isa = PBXGroup;
			children = (
				D36CD93F24FAE544007F9365 /* Objects */,
				D36CD93D24FACA9B007F9365 /* Constants.swift */,
			);
			path = Models;
			sourceTree = "<group>";
		};
		D36CD91724F9D7FB007F9365 /* Controllers */ = {
			isa = PBXGroup;
			children = (
				D36CD92B24F9FF31007F9365 /* BaseViewController.swift */,
				D36CD92D24F9FF4D007F9365 /* BaseViewModel.swift */,
				D36CD93824FAC535007F9365 /* Countries */,
			);
			path = Controllers;
			sourceTree = "<group>";
		};
		D36CD91824F9D806007F9365 /* Views */ = {
			isa = PBXGroup;
			children = (
			);
			path = Views;
			sourceTree = "<group>";
		};
		D36CD92F24FAC386007F9365 /* Networking */ = {
			isa = PBXGroup;
			children = (
				D36CD93024FAC398007F9365 /* Request.swift */,
				D36CD93224FAC39E007F9365 /* RequestError.swift */,
				D36CD93424FAC3A5007F9365 /* RequestHelper.swift */,
				D36CD93624FAC3AE007F9365 /* RequestType.swift */,
			);
			path = Networking;
			sourceTree = "<group>";
		};
		D36CD93824FAC535007F9365 /* Countries */ = {
			isa = PBXGroup;
			children = (
				D36CD93924FAC54D007F9365 /* CountriesViewController.swift */,
				D36CD93B24FAC557007F9365 /* CountriesViewModel.swift */,
			);
			path = Countries;
			sourceTree = "<group>";
		};
		D36CD93F24FAE544007F9365 /* Objects */ = {
			isa = PBXGroup;
			children = (
				D36CD94024FAE55B007F9365 /* Mindbody */,
			);
			path = Objects;
			sourceTree = "<group>";
		};
		D36CD94024FAE55B007F9365 /* Mindbody */ = {
			isa = PBXGroup;
			children = (
				D36CD94124FAE57A007F9365 /* Country.swift */,
			);
			path = Mindbody;
			sourceTree = "<group>";
		};
/* End PBXGroup section */

/* Begin PBXNativeTarget section */
		D36CD8DB24F9D683007F9365 /* Mindbody */ = {
			isa = PBXNativeTarget;
			buildConfigurationList = D36CD90624F9D685007F9365 /* Build configuration list for PBXNativeTarget "Mindbody" */;
			buildPhases = (
				D36CD8D824F9D683007F9365 /* Sources */,
				D36CD8D924F9D683007F9365 /* Frameworks */,
				D36CD8DA24F9D683007F9365 /* Resources */,
			);
			buildRules = (
			);
			dependencies = (
			);
			name = Mindbody;
			packageProductDependencies = (
				D36CD91E24F9FA25007F9365 /* Alamofire */,
				D36CD92124F9FA30007F9365 /* Handy */,
				D36CD92424F9FA4E007F9365 /* ObjectMapper */,
				D36CD92724F9FA82007F9365 /* RxSwift */,
				D36CD92924F9FA82007F9365 /* RxCocoa */,
			);
			productName = Mindbody;
			productReference = D36CD8DC24F9D683007F9365 /* Mindbody.app */;
			productType = "com.apple.product-type.application";
		};
		D36CD8F124F9D685007F9365 /* MindbodyTests */ = {
			isa = PBXNativeTarget;
			buildConfigurationList = D36CD90924F9D685007F9365 /* Build configuration list for PBXNativeTarget "MindbodyTests" */;
			buildPhases = (
				D36CD8EE24F9D685007F9365 /* Sources */,
				D36CD8EF24F9D685007F9365 /* Frameworks */,
				D36CD8F024F9D685007F9365 /* Resources */,
			);
			buildRules = (
			);
			dependencies = (
				D36CD8F424F9D685007F9365 /* PBXTargetDependency */,
			);
			name = MindbodyTests;
			productName = MindbodyTests;
			productReference = D36CD8F224F9D685007F9365 /* MindbodyTests.xctest */;
			productType = "com.apple.product-type.bundle.unit-test";
		};
		D36CD8FC24F9D685007F9365 /* MindbodyUITests */ = {
			isa = PBXNativeTarget;
			buildConfigurationList = D36CD90C24F9D685007F9365 /* Build configuration list for PBXNativeTarget "MindbodyUITests" */;
			buildPhases = (
				D36CD8F924F9D685007F9365 /* Sources */,
				D36CD8FA24F9D685007F9365 /* Frameworks */,
				D36CD8FB24F9D685007F9365 /* Resources */,
			);
			buildRules = (
			);
			dependencies = (
				D36CD8FF24F9D685007F9365 /* PBXTargetDependency */,
			);
			name = MindbodyUITests;
			productName = MindbodyUITests;
			productReference = D36CD8FD24F9D685007F9365 /* MindbodyUITests.xctest */;
			productType = "com.apple.product-type.bundle.ui-testing";
		};
/* End PBXNativeTarget section */

/* Begin PBXProject section */
		D36CD8D424F9D683007F9365 /* Project object */ = {
			isa = PBXProject;
			attributes = {
				LastSwiftUpdateCheck = 1120;
				LastUpgradeCheck = 1120;
				ORGANIZATIONNAME = "Ben Conway";
				TargetAttributes = {
					D36CD8DB24F9D683007F9365 = {
						CreatedOnToolsVersion = 11.2.1;
					};
					D36CD8F124F9D685007F9365 = {
						CreatedOnToolsVersion = 11.2.1;
						TestTargetID = D36CD8DB24F9D683007F9365;
					};
					D36CD8FC24F9D685007F9365 = {
						CreatedOnToolsVersion = 11.2.1;
						TestTargetID = D36CD8DB24F9D683007F9365;
					};
				};
			};
			buildConfigurationList = D36CD8D724F9D683007F9365 /* Build configuration list for PBXProject "Mindbody" */;
			compatibilityVersion = "Xcode 9.3";
			developmentRegion = en;
			hasScannedForEncodings = 0;
			knownRegions = (
				en,
				Base,
			);
			mainGroup = D36CD8D324F9D683007F9365;
			packageReferences = (
				D36CD91D24F9FA25007F9365 /* XCRemoteSwiftPackageReference "Alamofire" */,
				D36CD92024F9FA30007F9365 /* XCRemoteSwiftPackageReference "handy" */,
				D36CD92324F9FA4E007F9365 /* XCRemoteSwiftPackageReference "ObjectMapper" */,
				D36CD92624F9FA82007F9365 /* XCRemoteSwiftPackageReference "RxSwift" */,
			);
			productRefGroup = D36CD8DD24F9D683007F9365 /* Products */;
			projectDirPath = "";
			projectRoot = "";
			targets = (
				D36CD8DB24F9D683007F9365 /* Mindbody */,
				D36CD8F124F9D685007F9365 /* MindbodyTests */,
				D36CD8FC24F9D685007F9365 /* MindbodyUITests */,
			);
		};
/* End PBXProject section */

/* Begin PBXResourcesBuildPhase section */
		D36CD8DA24F9D683007F9365 /* Resources */ = {
			isa = PBXResourcesBuildPhase;
			buildActionMask = 2147483647;
			files = (
				D36CD8EC24F9D685007F9365 /* LaunchScreen.storyboard in Resources */,
				D36CD8E924F9D685007F9365 /* Assets.xcassets in Resources */,
				D36CD8E724F9D683007F9365 /* Main.storyboard in Resources */,
			);
			runOnlyForDeploymentPostprocessing = 0;
		};
		D36CD8F024F9D685007F9365 /* Resources */ = {
			isa = PBXResourcesBuildPhase;
			buildActionMask = 2147483647;
			files = (
			);
			runOnlyForDeploymentPostprocessing = 0;
		};
		D36CD8FB24F9D685007F9365 /* Resources */ = {
			isa = PBXResourcesBuildPhase;
			buildActionMask = 2147483647;
			files = (
			);
			runOnlyForDeploymentPostprocessing = 0;
		};
/* End PBXResourcesBuildPhase section */

/* Begin PBXSourcesBuildPhase section */
		D36CD8D824F9D683007F9365 /* Sources */ = {
			isa = PBXSourcesBuildPhase;
			buildActionMask = 2147483647;
			files = (
				D36CD93324FAC39E007F9365 /* RequestError.swift in Sources */,
				D36CD93E24FACA9B007F9365 /* Constants.swift in Sources */,
				D36CD93124FAC398007F9365 /* Request.swift in Sources */,
				D36CD92E24F9FF4D007F9365 /* BaseViewModel.swift in Sources */,
				D36CD94224FAE57A007F9365 /* Country.swift in Sources */,
				D36CD93C24FAC557007F9365 /* CountriesViewModel.swift in Sources */,
				D36CD92C24F9FF31007F9365 /* BaseViewController.swift in Sources */,
				D36CD8E024F9D683007F9365 /* AppDelegate.swift in Sources */,
				D36CD93A24FAC54D007F9365 /* CountriesViewController.swift in Sources */,
				D36CD8E224F9D683007F9365 /* SceneDelegate.swift in Sources */,
				D36CD93524FAC3A5007F9365 /* RequestHelper.swift in Sources */,
				D36CD93724FAC3AE007F9365 /* RequestType.swift in Sources */,
			);
			runOnlyForDeploymentPostprocessing = 0;
		};
		D36CD8EE24F9D685007F9365 /* Sources */ = {
			isa = PBXSourcesBuildPhase;
			buildActionMask = 2147483647;
			files = (
				D36CD8F724F9D685007F9365 /* MindbodyTests.swift in Sources */,
			);
			runOnlyForDeploymentPostprocessing = 0;
		};
		D36CD8F924F9D685007F9365 /* Sources */ = {
			isa = PBXSourcesBuildPhase;
			buildActionMask = 2147483647;
			files = (
				D36CD90224F9D685007F9365 /* MindbodyUITests.swift in Sources */,
			);
			runOnlyForDeploymentPostprocessing = 0;
		};
/* End PBXSourcesBuildPhase section */

/* Begin PBXTargetDependency section */
		D36CD8F424F9D685007F9365 /* PBXTargetDependency */ = {
			isa = PBXTargetDependency;
			target = D36CD8DB24F9D683007F9365 /* Mindbody */;
			targetProxy = D36CD8F324F9D685007F9365 /* PBXContainerItemProxy */;
		};
		D36CD8FF24F9D685007F9365 /* PBXTargetDependency */ = {
			isa = PBXTargetDependency;
			target = D36CD8DB24F9D683007F9365 /* Mindbody */;
			targetProxy = D36CD8FE24F9D685007F9365 /* PBXContainerItemProxy */;
		};
/* End PBXTargetDependency section */

/* Begin PBXVariantGroup section */
		D36CD8E524F9D683007F9365 /* Main.storyboard */ = {
			isa = PBXVariantGroup;
			children = (
				D36CD8E624F9D683007F9365 /* Base */,
			);
			name = Main.storyboard;
			sourceTree = "<group>";
		};
		D36CD8EA24F9D685007F9365 /* LaunchScreen.storyboard */ = {
			isa = PBXVariantGroup;
			children = (
				D36CD8EB24F9D685007F9365 /* Base */,
			);
			name = LaunchScreen.storyboard;
			sourceTree = "<group>";
		};
/* End PBXVariantGroup section */

/* Begin XCBuildConfiguration section */
		D36CD90424F9D685007F9365 /* Debug */ = {
			isa = XCBuildConfiguration;
			buildSettings = {
				ALWAYS_SEARCH_USER_PATHS = NO;
				CLANG_ANALYZER_NONNULL = YES;
				CLANG_ANALYZER_NUMBER_OBJECT_CONVERSION = YES_AGGRESSIVE;
				CLANG_CXX_LANGUAGE_STANDARD = "gnu++14";
				CLANG_CXX_LIBRARY = "libc++";
				CLANG_ENABLE_MODULES = YES;
				CLANG_ENABLE_OBJC_ARC = YES;
				CLANG_ENABLE_OBJC_WEAK = YES;
				CLANG_WARN_BLOCK_CAPTURE_AUTORELEASING = YES;
				CLANG_WARN_BOOL_CONVERSION = YES;
				CLANG_WARN_COMMA = YES;
				CLANG_WARN_CONSTANT_CONVERSION = YES;
				CLANG_WARN_DEPRECATED_OBJC_IMPLEMENTATIONS = YES;
				CLANG_WARN_DIRECT_OBJC_ISA_USAGE = YES_ERROR;
				CLANG_WARN_DOCUMENTATION_COMMENTS = YES;
				CLANG_WARN_EMPTY_BODY = YES;
				CLANG_WARN_ENUM_CONVERSION = YES;
				CLANG_WARN_INFINITE_RECURSION = YES;
				CLANG_WARN_INT_CONVERSION = YES;
				CLANG_WARN_NON_LITERAL_NULL_CONVERSION = YES;
				CLANG_WARN_OBJC_IMPLICIT_RETAIN_SELF = YES;
				CLANG_WARN_OBJC_LITERAL_CONVERSION = YES;
				CLANG_WARN_OBJC_ROOT_CLASS = YES_ERROR;
				CLANG_WARN_RANGE_LOOP_ANALYSIS = YES;
				CLANG_WARN_STRICT_PROTOTYPES = YES;
				CLANG_WARN_SUSPICIOUS_MOVE = YES;
				CLANG_WARN_UNGUARDED_AVAILABILITY = YES_AGGRESSIVE;
				CLANG_WARN_UNREACHABLE_CODE = YES;
				CLANG_WARN__DUPLICATE_METHOD_MATCH = YES;
				COPY_PHASE_STRIP = NO;
				DEBUG_INFORMATION_FORMAT = dwarf;
				ENABLE_STRICT_OBJC_MSGSEND = YES;
				ENABLE_TESTABILITY = YES;
				GCC_C_LANGUAGE_STANDARD = gnu11;
				GCC_DYNAMIC_NO_PIC = NO;
				GCC_NO_COMMON_BLOCKS = YES;
				GCC_OPTIMIZATION_LEVEL = 0;
				GCC_PREPROCESSOR_DEFINITIONS = (
					"DEBUG=1",
					"$(inherited)",
				);
				GCC_WARN_64_TO_32_BIT_CONVERSION = YES;
				GCC_WARN_ABOUT_RETURN_TYPE = YES_ERROR;
				GCC_WARN_UNDECLARED_SELECTOR = YES;
				GCC_WARN_UNINITIALIZED_AUTOS = YES_AGGRESSIVE;
				GCC_WARN_UNUSED_FUNCTION = YES;
				GCC_WARN_UNUSED_VARIABLE = YES;
				IPHONEOS_DEPLOYMENT_TARGET = 13.0;
				MTL_ENABLE_DEBUG_INFO = INCLUDE_SOURCE;
				MTL_FAST_MATH = YES;
				ONLY_ACTIVE_ARCH = YES;
				SDKROOT = iphoneos;
				SWIFT_ACTIVE_COMPILATION_CONDITIONS = DEBUG;
				SWIFT_OPTIMIZATION_LEVEL = "-Onone";
			};
			name = Debug;
		};
		D36CD90524F9D685007F9365 /* Release */ = {
			isa = XCBuildConfiguration;
			buildSettings = {
				ALWAYS_SEARCH_USER_PATHS = NO;
				CLANG_ANALYZER_NONNULL = YES;
				CLANG_ANALYZER_NUMBER_OBJECT_CONVERSION = YES_AGGRESSIVE;
				CLANG_CXX_LANGUAGE_STANDARD = "gnu++14";
				CLANG_CXX_LIBRARY = "libc++";
				CLANG_ENABLE_MODULES = YES;
				CLANG_ENABLE_OBJC_ARC = YES;
				CLANG_ENABLE_OBJC_WEAK = YES;
				CLANG_WARN_BLOCK_CAPTURE_AUTORELEASING = YES;
				CLANG_WARN_BOOL_CONVERSION = YES;
				CLANG_WARN_COMMA = YES;
				CLANG_WARN_CONSTANT_CONVERSION = YES;
				CLANG_WARN_DEPRECATED_OBJC_IMPLEMENTATIONS = YES;
				CLANG_WARN_DIRECT_OBJC_ISA_USAGE = YES_ERROR;
				CLANG_WARN_DOCUMENTATION_COMMENTS = YES;
				CLANG_WARN_EMPTY_BODY = YES;
				CLANG_WARN_ENUM_CONVERSION = YES;
				CLANG_WARN_INFINITE_RECURSION = YES;
				CLANG_WARN_INT_CONVERSION = YES;
				CLANG_WARN_NON_LITERAL_NULL_CONVERSION = YES;
				CLANG_WARN_OBJC_IMPLICIT_RETAIN_SELF = YES;
				CLANG_WARN_OBJC_LITERAL_CONVERSION = YES;
				CLANG_WARN_OBJC_ROOT_CLASS = YES_ERROR;
				CLANG_WARN_RANGE_LOOP_ANALYSIS = YES;
				CLANG_WARN_STRICT_PROTOTYPES = YES;
				CLANG_WARN_SUSPICIOUS_MOVE = YES;
				CLANG_WARN_UNGUARDED_AVAILABILITY = YES_AGGRESSIVE;
				CLANG_WARN_UNREACHABLE_CODE = YES;
				CLANG_WARN__DUPLICATE_METHOD_MATCH = YES;
				COPY_PHASE_STRIP = NO;
				DEBUG_INFORMATION_FORMAT = "dwarf-with-dsym";
				ENABLE_NS_ASSERTIONS = NO;
				ENABLE_STRICT_OBJC_MSGSEND = YES;
				GCC_C_LANGUAGE_STANDARD = gnu11;
				GCC_NO_COMMON_BLOCKS = YES;
				GCC_WARN_64_TO_32_BIT_CONVERSION = YES;
				GCC_WARN_ABOUT_RETURN_TYPE = YES_ERROR;
				GCC_WARN_UNDECLARED_SELECTOR = YES;
				GCC_WARN_UNINITIALIZED_AUTOS = YES_AGGRESSIVE;
				GCC_WARN_UNUSED_FUNCTION = YES;
				GCC_WARN_UNUSED_VARIABLE = YES;
				IPHONEOS_DEPLOYMENT_TARGET = 13.0;
				MTL_ENABLE_DEBUG_INFO = NO;
				MTL_FAST_MATH = YES;
				SDKROOT = iphoneos;
				SWIFT_COMPILATION_MODE = wholemodule;
				SWIFT_OPTIMIZATION_LEVEL = "-O";
				VALIDATE_PRODUCT = YES;
			};
			name = Release;
		};
		D36CD90724F9D685007F9365 /* Debug */ = {
			isa = XCBuildConfiguration;
			buildSettings = {
				ASSETCATALOG_COMPILER_APPICON_NAME = AppIcon;
				CODE_SIGN_STYLE = Automatic;
				DEVELOPMENT_TEAM = 9B853DWD5K;
				INFOPLIST_FILE = Mindbody/Resources/Configuration/Info.plist;
				LD_RUNPATH_SEARCH_PATHS = (
					"$(inherited)",
					"@executable_path/Frameworks",
				);
				PRODUCT_BUNDLE_IDENTIFIER = com.benconway.Mindbody;
				PRODUCT_NAME = "$(TARGET_NAME)";
				SWIFT_VERSION = 5.0;
				TARGETED_DEVICE_FAMILY = 1;
			};
			name = Debug;
		};
		D36CD90824F9D685007F9365 /* Release */ = {
			isa = XCBuildConfiguration;
			buildSettings = {
				ASSETCATALOG_COMPILER_APPICON_NAME = AppIcon;
				CODE_SIGN_STYLE = Automatic;
				DEVELOPMENT_TEAM = 9B853DWD5K;
				INFOPLIST_FILE = Mindbody/Resources/Configuration/Info.plist;
				LD_RUNPATH_SEARCH_PATHS = (
					"$(inherited)",
					"@executable_path/Frameworks",
				);
				PRODUCT_BUNDLE_IDENTIFIER = com.benconway.Mindbody;
				PRODUCT_NAME = "$(TARGET_NAME)";
				SWIFT_VERSION = 5.0;
				TARGETED_DEVICE_FAMILY = 1;
			};
			name = Release;
		};
		D36CD90A24F9D685007F9365 /* Debug */ = {
			isa = XCBuildConfiguration;
			buildSettings = {
				ALWAYS_EMBED_SWIFT_STANDARD_LIBRARIES = YES;
				BUNDLE_LOADER = "$(TEST_HOST)";
				CODE_SIGN_STYLE = Automatic;
				DEVELOPMENT_TEAM = 9B853DWD5K;
				INFOPLIST_FILE = MindbodyTests/Info.plist;
				IPHONEOS_DEPLOYMENT_TARGET = 13.2;
				LD_RUNPATH_SEARCH_PATHS = (
					"$(inherited)",
					"@executable_path/Frameworks",
					"@loader_path/Frameworks",
				);
				PRODUCT_BUNDLE_IDENTIFIER = com.benconway.MindbodyTests;
				PRODUCT_NAME = "$(TARGET_NAME)";
				SWIFT_VERSION = 5.0;
				TARGETED_DEVICE_FAMILY = "1,2";
				TEST_HOST = "$(BUILT_PRODUCTS_DIR)/Mindbody.app/Mindbody";
			};
			name = Debug;
		};
		D36CD90B24F9D685007F9365 /* Release */ = {
			isa = XCBuildConfiguration;
			buildSettings = {
				ALWAYS_EMBED_SWIFT_STANDARD_LIBRARIES = YES;
				BUNDLE_LOADER = "$(TEST_HOST)";
				CODE_SIGN_STYLE = Automatic;
				DEVELOPMENT_TEAM = 9B853DWD5K;
				INFOPLIST_FILE = MindbodyTests/Info.plist;
				IPHONEOS_DEPLOYMENT_TARGET = 13.2;
				LD_RUNPATH_SEARCH_PATHS = (
					"$(inherited)",
					"@executable_path/Frameworks",
					"@loader_path/Frameworks",
				);
				PRODUCT_BUNDLE_IDENTIFIER = com.benconway.MindbodyTests;
				PRODUCT_NAME = "$(TARGET_NAME)";
				SWIFT_VERSION = 5.0;
				TARGETED_DEVICE_FAMILY = "1,2";
				TEST_HOST = "$(BUILT_PRODUCTS_DIR)/Mindbody.app/Mindbody";
			};
			name = Release;
		};
		D36CD90D24F9D685007F9365 /* Debug */ = {
			isa = XCBuildConfiguration;
			buildSettings = {
				ALWAYS_EMBED_SWIFT_STANDARD_LIBRARIES = YES;
				CODE_SIGN_STYLE = Automatic;
				DEVELOPMENT_TEAM = 9B853DWD5K;
				INFOPLIST_FILE = MindbodyUITests/Info.plist;
				LD_RUNPATH_SEARCH_PATHS = (
					"$(inherited)",
					"@executable_path/Frameworks",
					"@loader_path/Frameworks",
				);
				PRODUCT_BUNDLE_IDENTIFIER = com.benconway.MindbodyUITests;
				PRODUCT_NAME = "$(TARGET_NAME)";
				SWIFT_VERSION = 5.0;
				TARGETED_DEVICE_FAMILY = "1,2";
				TEST_TARGET_NAME = Mindbody;
			};
			name = Debug;
		};
		D36CD90E24F9D685007F9365 /* Release */ = {
			isa = XCBuildConfiguration;
			buildSettings = {
				ALWAYS_EMBED_SWIFT_STANDARD_LIBRARIES = YES;
				CODE_SIGN_STYLE = Automatic;
				DEVELOPMENT_TEAM = 9B853DWD5K;
				INFOPLIST_FILE = MindbodyUITests/Info.plist;
				LD_RUNPATH_SEARCH_PATHS = (
					"$(inherited)",
					"@executable_path/Frameworks",
					"@loader_path/Frameworks",
				);
				PRODUCT_BUNDLE_IDENTIFIER = com.benconway.MindbodyUITests;
				PRODUCT_NAME = "$(TARGET_NAME)";
				SWIFT_VERSION = 5.0;
				TARGETED_DEVICE_FAMILY = "1,2";
				TEST_TARGET_NAME = Mindbody;
			};
			name = Release;
		};
/* End XCBuildConfiguration section */

/* Begin XCConfigurationList section */
		D36CD8D724F9D683007F9365 /* Build configuration list for PBXProject "Mindbody" */ = {
			isa = XCConfigurationList;
			buildConfigurations = (
				D36CD90424F9D685007F9365 /* Debug */,
				D36CD90524F9D685007F9365 /* Release */,
			);
			defaultConfigurationIsVisible = 0;
			defaultConfigurationName = Release;
		};
		D36CD90624F9D685007F9365 /* Build configuration list for PBXNativeTarget "Mindbody" */ = {
			isa = XCConfigurationList;
			buildConfigurations = (
				D36CD90724F9D685007F9365 /* Debug */,
				D36CD90824F9D685007F9365 /* Release */,
			);
			defaultConfigurationIsVisible = 0;
			defaultConfigurationName = Release;
		};
		D36CD90924F9D685007F9365 /* Build configuration list for PBXNativeTarget "MindbodyTests" */ = {
			isa = XCConfigurationList;
			buildConfigurations = (
				D36CD90A24F9D685007F9365 /* Debug */,
				D36CD90B24F9D685007F9365 /* Release */,
			);
			defaultConfigurationIsVisible = 0;
			defaultConfigurationName = Release;
		};
		D36CD90C24F9D685007F9365 /* Build configuration list for PBXNativeTarget "MindbodyUITests" */ = {
			isa = XCConfigurationList;
			buildConfigurations = (
				D36CD90D24F9D685007F9365 /* Debug */,
				D36CD90E24F9D685007F9365 /* Release */,
			);
			defaultConfigurationIsVisible = 0;
			defaultConfigurationName = Release;
		};
/* End XCConfigurationList section */

/* Begin XCRemoteSwiftPackageReference section */
		D36CD91D24F9FA25007F9365 /* XCRemoteSwiftPackageReference "Alamofire" */ = {
			isa = XCRemoteSwiftPackageReference;
			repositoryURL = "https://github.com/Alamofire/Alamofire.git";
			requirement = {
				kind = upToNextMajorVersion;
				minimumVersion = 5.2.2;
			};
		};
		D36CD92024F9FA30007F9365 /* XCRemoteSwiftPackageReference "handy" */ = {
			isa = XCRemoteSwiftPackageReference;
			repositoryURL = "https://bconway99@bitbucket.org/bconway99/handy.git";
			requirement = {
				kind = upToNextMajorVersion;
				minimumVersion = 1.0.9;
			};
		};
		D36CD92324F9FA4E007F9365 /* XCRemoteSwiftPackageReference "ObjectMapper" */ = {
			isa = XCRemoteSwiftPackageReference;
			repositoryURL = "https://github.com/tristanhimmelman/ObjectMapper.git";
			requirement = {
				kind = upToNextMajorVersion;
				minimumVersion = 4.2.0;
			};
		};
		D36CD92624F9FA82007F9365 /* XCRemoteSwiftPackageReference "RxSwift" */ = {
			isa = XCRemoteSwiftPackageReference;
			repositoryURL = "https://github.com/ReactiveX/RxSwift.git";
			requirement = {
				kind = upToNextMajorVersion;
				minimumVersion = 5.1.1;
			};
		};
/* End XCRemoteSwiftPackageReference section */

/* Begin XCSwiftPackageProductDependency section */
		D36CD91E24F9FA25007F9365 /* Alamofire */ = {
			isa = XCSwiftPackageProductDependency;
			package = D36CD91D24F9FA25007F9365 /* XCRemoteSwiftPackageReference "Alamofire" */;
			productName = Alamofire;
		};
		D36CD92124F9FA30007F9365 /* Handy */ = {
			isa = XCSwiftPackageProductDependency;
			package = D36CD92024F9FA30007F9365 /* XCRemoteSwiftPackageReference "handy" */;
			productName = Handy;
		};
		D36CD92424F9FA4E007F9365 /* ObjectMapper */ = {
			isa = XCSwiftPackageProductDependency;
			package = D36CD92324F9FA4E007F9365 /* XCRemoteSwiftPackageReference "ObjectMapper" */;
			productName = ObjectMapper;
		};
		D36CD92724F9FA82007F9365 /* RxSwift */ = {
			isa = XCSwiftPackageProductDependency;
			package = D36CD92624F9FA82007F9365 /* XCRemoteSwiftPackageReference "RxSwift" */;
			productName = RxSwift;
		};
		D36CD92924F9FA82007F9365 /* RxCocoa */ = {
			isa = XCSwiftPackageProductDependency;
			package = D36CD92624F9FA82007F9365 /* XCRemoteSwiftPackageReference "RxSwift" */;
			productName = RxCocoa;
		};
/* End XCSwiftPackageProductDependency section */
	};
	rootObject = D36CD8D424F9D683007F9365 /* Project object */;
}
